
Microsoft Visual Studio Solution File, Format Version 12.00
# Visual Studio Version 17
VisualStudioVersion = 17.0.32112.339
MinimumVisualStudioVersion = 10.0.40219.1
Project("{FAE04EC0-301F-11D3-BF4B-00C04F79EFBC}") = "Select_Launcher", "Select_Launcher\Select_Launcher.csproj", "{672A8C7D-4719-463F-A031-7CE9F4D82B11}"
EndProject
Global
	GlobalSection(SolutionConfigurationPlatforms) = preSolution
		Debug|Any CPU = Debug|Any CPU
		Release|Any CPU = Release|Any CPU
	EndGlobalSection
	GlobalSection(ProjectConfigurationPlatforms) = postSolution
		{672A8C7D-4719-463F-A031-7CE9F4D82B11}.Debug|Any CPU.ActiveCfg = Debug|Any CPU
		{672A8C7D-4719-463F-A031-7CE9F4D82B11}.Debug|Any CPU.Build.0 = Debug|Any CPU
		{672A8C7D-4719-463F-A031-7CE9F4D82B11}.Release|Any CPU.ActiveCfg = Release|Any CPU
		{672A8C7D-4719-463F-A031-7CE9F4D82B11}.Release|Any CPU.Build.0 = Release|Any CPU
	EndGlobalSection
	GlobalSection(SolutionProperties) = preSolution
		HideSolutionNode = FALSE
	EndGlobalSection
	GlobalSection(ExtensibilityGlobals) = postSolution
		SolutionGuid = {A53E0A70-7683-40E4-9861-9C218045E9A0}
	EndGlobalSection
EndGlobal
