
Microsoft Visual Studio Solution File, Format Version 12.00
# Visual Studio Version 17
VisualStudioVersion = 17.1.32421.90
MinimumVisualStudioVersion = 10.0.40219.1
Project("{D954291E-2A0B-460D-934E-DC6B0785DB48}") = "SelectLauncher.Shared", "SelectLauncher\SelectLauncher.Shared\SelectLauncher.Shared.shproj", "{6279C845-92F8-4333-AB99-3D213163593C}"
EndProject
Project("{2150E333-8FDC-42A3-9474-1A3956D46DE8}") = "Platforms", "Platforms", "{ED3BEAAF-006C-4B60-98EC-497E054604B7}"
EndProject
Project("{FAE04EC0-301F-11D3-BF4B-00C04F79EFBC}") = "SelectLauncher.Droid", "SelectLauncher\SelectLauncher.Droid\SelectLauncher.Droid.csproj", "{7DEB92C9-3E1F-4E78-A916-943BA175242E}"
EndProject
Project("{FAE04EC0-301F-11D3-BF4B-00C04F79EFBC}") = "SelectLauncher.iOS", "SelectLauncher\SelectLauncher.iOS\SelectLauncher.iOS.csproj", "{6C79B68F-CC0F-47D9-B3AA-D00B35C99582}"
EndProject
Project("{FAE04EC0-301F-11D3-BF4B-00C04F79EFBC}") = "SelectLauncher.UWP", "SelectLauncher\SelectLauncher.UWP\SelectLauncher.UWP.csproj", "{E40B1BCC-231C-4284-8C3B-C9931071D0F8}"
EndProject
Project("{9A19103F-16F7-4668-BE54-9A1E7A4F7556}") = "SelectLauncher.Wasm", "SelectLauncher\SelectLauncher.Wasm\SelectLauncher.Wasm.csproj", "{5041525C-59DB-4FD8-97DE-6E37C5211B66}"
EndProject
Project("{FAE04EC0-301F-11D3-BF4B-00C04F79EFBC}") = "SelectLauncher.macOS", "SelectLauncher\SelectLauncher.macOS\SelectLauncher.macOS.csproj", "{4527DCB2-D893-4308-AEAD-F002A5F78A3E}"
EndProject
Project("{9A19103F-16F7-4668-BE54-9A1E7A4F7556}") = "SelectLauncher.Skia.Wpf.Host", "SelectLauncher\SelectLauncher.Skia.Wpf.Host\SelectLauncher.Skia.Wpf.Host.csproj", "{1A065C6B-DD01-42E4-AAA2-E012DA1F7897}"
EndProject
Project("{9A19103F-16F7-4668-BE54-9A1E7A4F7556}") = "SelectLauncher.Skia.Wpf", "SelectLauncher\SelectLauncher.Skia.Wpf\SelectLauncher.Skia.Wpf.csproj", "{EAE4D60C-F82D-4C3C-B1FB-5B22473BB4A2}"
EndProject
Project("{9A19103F-16F7-4668-BE54-9A1E7A4F7556}") = "SelectLauncher.Skia.Gtk", "SelectLauncher\SelectLauncher.Skia.Gtk\SelectLauncher.Skia.Gtk.csproj", "{6AF49FC3-F917-40C7-99E7-9A95884B68E8}"
EndProject
Project("{9A19103F-16F7-4668-BE54-9A1E7A4F7556}") = "SelectLauncher.Skia.Tizen", "SelectLauncher\SelectLauncher.Skia.Tizen\SelectLauncher.Skia.Tizen.csproj", "{293A1344-E9BA-49C2-B43D-1DFAC0D7D64E}"
EndProject
Project("{9A19103F-16F7-4668-BE54-9A1E7A4F7556}") = "AccountsAPI", "AccountsAPI\AccountsAPI.csproj", "{5F34F44A-1848-4EF7-980B-73CED1B2261B}"
EndProject
Global
	GlobalSection(SharedMSBuildProjectFiles) = preSolution
		SelectLauncher\SelectLauncher.Shared\SelectLauncher.Shared.projitems*{293a1344-e9ba-49c2-b43d-1dfac0d7d64e}*SharedItemsImports = 5
		SelectLauncher\SelectLauncher.Shared\SelectLauncher.Shared.projitems*{4527dcb2-d893-4308-aead-f002a5f78a3e}*SharedItemsImports = 4
		SelectLauncher\SelectLauncher.Shared\SelectLauncher.Shared.projitems*{5041525c-59db-4fd8-97de-6e37c5211b66}*SharedItemsImports = 5
		SelectLauncher\SelectLauncher.Shared\SelectLauncher.Shared.projitems*{6279c845-92f8-4333-ab99-3d213163593c}*SharedItemsImports = 13
		SelectLauncher\SelectLauncher.Shared\SelectLauncher.Shared.projitems*{6af49fc3-f917-40c7-99e7-9a95884b68e8}*SharedItemsImports = 5
		SelectLauncher\SelectLauncher.Shared\SelectLauncher.Shared.projitems*{6c79b68f-cc0f-47d9-b3aa-d00b35c99582}*SharedItemsImports = 4
		SelectLauncher\SelectLauncher.Shared\SelectLauncher.Shared.projitems*{7deb92c9-3e1f-4e78-a916-943ba175242e}*SharedItemsImports = 4
		SelectLauncher\SelectLauncher.Shared\SelectLauncher.Shared.projitems*{e40b1bcc-231c-4284-8c3b-c9931071d0f8}*SharedItemsImports = 4
		SelectLauncher\SelectLauncher.Shared\SelectLauncher.Shared.projitems*{eae4d60c-f82d-4c3c-b1fb-5b22473bb4a2}*SharedItemsImports = 5
	EndGlobalSection
	GlobalSection(SolutionConfigurationPlatforms) = preSolution
		Ad-Hoc|Any CPU = Ad-Hoc|Any CPU
		Ad-Hoc|ARM = Ad-Hoc|ARM
		Ad-Hoc|ARM64 = Ad-Hoc|ARM64
		Ad-Hoc|iPhone = Ad-Hoc|iPhone
		Ad-Hoc|iPhoneSimulator = Ad-Hoc|iPhoneSimulator
		Ad-Hoc|x64 = Ad-Hoc|x64
		Ad-Hoc|x86 = Ad-Hoc|x86
		AppStore|Any CPU = AppStore|Any CPU
		AppStore|ARM = AppStore|ARM
		AppStore|ARM64 = AppStore|ARM64
		AppStore|iPhone = AppStore|iPhone
		AppStore|iPhoneSimulator = AppStore|iPhoneSimulator
		AppStore|x64 = AppStore|x64
		AppStore|x86 = AppStore|x86
		Debug|Any CPU = Debug|Any CPU
		Debug|ARM = Debug|ARM
		Debug|ARM64 = Debug|ARM64
		Debug|iPhone = Debug|iPhone
		Debug|iPhoneSimulator = Debug|iPhoneSimulator
		Debug|x64 = Debug|x64
		Debug|x86 = Debug|x86
		Release|Any CPU = Release|Any CPU
		Release|ARM = Release|ARM
		Release|ARM64 = Release|ARM64
		Release|iPhone = Release|iPhone
		Release|iPhoneSimulator = Release|iPhoneSimulator
		Release|x64 = Release|x64
		Release|x86 = Release|x86
	EndGlobalSection
	GlobalSection(ProjectConfigurationPlatforms) = postSolution
		{7DEB92C9-3E1F-4E78-A916-943BA175242E}.Ad-Hoc|Any CPU.ActiveCfg = Debug|Any CPU
		{7DEB92C9-3E1F-4E78-A916-943BA175242E}.Ad-Hoc|Any CPU.Build.0 = Debug|Any CPU
		{7DEB92C9-3E1F-4E78-A916-943BA175242E}.Ad-Hoc|Any CPU.Deploy.0 = Debug|Any CPU
		{7DEB92C9-3E1F-4E78-A916-943BA175242E}.Ad-Hoc|ARM.ActiveCfg = Debug|Any CPU
		{7DEB92C9-3E1F-4E78-A916-943BA175242E}.Ad-Hoc|ARM.Build.0 = Debug|Any CPU
		{7DEB92C9-3E1F-4E78-A916-943BA175242E}.Ad-Hoc|ARM.Deploy.0 = Debug|Any CPU
		{7DEB92C9-3E1F-4E78-A916-943BA175242E}.Ad-Hoc|ARM64.ActiveCfg = Debug|Any CPU
		{7DEB92C9-3E1F-4E78-A916-943BA175242E}.Ad-Hoc|ARM64.Build.0 = Debug|Any CPU
		{7DEB92C9-3E1F-4E78-A916-943BA175242E}.Ad-Hoc|ARM64.Deploy.0 = Debug|Any CPU
		{7DEB92C9-3E1F-4E78-A916-943BA175242E}.Ad-Hoc|iPhone.ActiveCfg = Debug|Any CPU
		{7DEB92C9-3E1F-4E78-A916-943BA175242E}.Ad-Hoc|iPhone.Build.0 = Debug|Any CPU
		{7DEB92C9-3E1F-4E78-A916-943BA175242E}.Ad-Hoc|iPhone.Deploy.0 = Debug|Any CPU
		{7DEB92C9-3E1F-4E78-A916-943BA175242E}.Ad-Hoc|iPhoneSimulator.ActiveCfg = Debug|Any CPU
		{7DEB92C9-3E1F-4E78-A916-943BA175242E}.Ad-Hoc|iPhoneSimulator.Build.0 = Debug|Any CPU
		{7DEB92C9-3E1F-4E78-A916-943BA175242E}.Ad-Hoc|iPhoneSimulator.Deploy.0 = Debug|Any CPU
		{7DEB92C9-3E1F-4E78-A916-943BA175242E}.Ad-Hoc|x64.ActiveCfg = Debug|Any CPU
		{7DEB92C9-3E1F-4E78-A916-943BA175242E}.Ad-Hoc|x64.Build.0 = Debug|Any CPU
		{7DEB92C9-3E1F-4E78-A916-943BA175242E}.Ad-Hoc|x64.Deploy.0 = Debug|Any CPU
		{7DEB92C9-3E1F-4E78-A916-943BA175242E}.Ad-Hoc|x86.ActiveCfg = Debug|Any CPU
		{7DEB92C9-3E1F-4E78-A916-943BA175242E}.Ad-Hoc|x86.Build.0 = Debug|Any CPU
		{7DEB92C9-3E1F-4E78-A916-943BA175242E}.Ad-Hoc|x86.Deploy.0 = Debug|Any CPU
		{7DEB92C9-3E1F-4E78-A916-943BA175242E}.AppStore|Any CPU.ActiveCfg = Debug|Any CPU
		{7DEB92C9-3E1F-4E78-A916-943BA175242E}.AppStore|Any CPU.Build.0 = Debug|Any CPU
		{7DEB92C9-3E1F-4E78-A916-943BA175242E}.AppStore|Any CPU.Deploy.0 = Debug|Any CPU
		{7DEB92C9-3E1F-4E78-A916-943BA175242E}.AppStore|ARM.ActiveCfg = Debug|Any CPU
		{7DEB92C9-3E1F-4E78-A916-943BA175242E}.AppStore|ARM.Build.0 = Debug|Any CPU
		{7DEB92C9-3E1F-4E78-A916-943BA175242E}.AppStore|ARM.Deploy.0 = Debug|Any CPU
		{7DEB92C9-3E1F-4E78-A916-943BA175242E}.AppStore|ARM64.ActiveCfg = Debug|Any CPU
		{7DEB92C9-3E1F-4E78-A916-943BA175242E}.AppStore|ARM64.Build.0 = Debug|Any CPU
		{7DEB92C9-3E1F-4E78-A916-943BA175242E}.AppStore|ARM64.Deploy.0 = Debug|Any CPU
		{7DEB92C9-3E1F-4E78-A916-943BA175242E}.AppStore|iPhone.ActiveCfg = Debug|Any CPU
		{7DEB92C9-3E1F-4E78-A916-943BA175242E}.AppStore|iPhone.Build.0 = Debug|Any CPU
		{7DEB92C9-3E1F-4E78-A916-943BA175242E}.AppStore|iPhone.Deploy.0 = Debug|Any CPU
		{7DEB92C9-3E1F-4E78-A916-943BA175242E}.AppStore|iPhoneSimulator.ActiveCfg = Debug|Any CPU
		{7DEB92C9-3E1F-4E78-A916-943BA175242E}.AppStore|iPhoneSimulator.Build.0 = Debug|Any CPU
		{7DEB92C9-3E1F-4E78-A916-943BA175242E}.AppStore|iPhoneSimulator.Deploy.0 = Debug|Any CPU
		{7DEB92C9-3E1F-4E78-A916-943BA175242E}.AppStore|x64.ActiveCfg = Debug|Any CPU
		{7DEB92C9-3E1F-4E78-A916-943BA175242E}.AppStore|x64.Build.0 = Debug|Any CPU
		{7DEB92C9-3E1F-4E78-A916-943BA175242E}.AppStore|x64.Deploy.0 = Debug|Any CPU
		{7DEB92C9-3E1F-4E78-A916-943BA175242E}.AppStore|x86.ActiveCfg = Debug|Any CPU
		{7DEB92C9-3E1F-4E78-A916-943BA175242E}.AppStore|x86.Build.0 = Debug|Any CPU
		{7DEB92C9-3E1F-4E78-A916-943BA175242E}.AppStore|x86.Deploy.0 = Debug|Any CPU
		{7DEB92C9-3E1F-4E78-A916-943BA175242E}.Debug|Any CPU.ActiveCfg = Debug|Any CPU
		{7DEB92C9-3E1F-4E78-A916-943BA175242E}.Debug|Any CPU.Build.0 = Debug|Any CPU
		{7DEB92C9-3E1F-4E78-A916-943BA175242E}.Debug|Any CPU.Deploy.0 = Debug|Any CPU
		{7DEB92C9-3E1F-4E78-A916-943BA175242E}.Debug|ARM.ActiveCfg = Debug|Any CPU
		{7DEB92C9-3E1F-4E78-A916-943BA175242E}.Debug|ARM.Build.0 = Debug|Any CPU
		{7DEB92C9-3E1F-4E78-A916-943BA175242E}.Debug|ARM.Deploy.0 = Debug|Any CPU
		{7DEB92C9-3E1F-4E78-A916-943BA175242E}.Debug|ARM64.ActiveCfg = Debug|Any CPU
		{7DEB92C9-3E1F-4E78-A916-943BA175242E}.Debug|ARM64.Build.0 = Debug|Any CPU
		{7DEB92C9-3E1F-4E78-A916-943BA175242E}.Debug|ARM64.Deploy.0 = Debug|Any CPU
		{7DEB92C9-3E1F-4E78-A916-943BA175242E}.Debug|iPhone.ActiveCfg = Debug|Any CPU
		{7DEB92C9-3E1F-4E78-A916-943BA175242E}.Debug|iPhone.Build.0 = Debug|Any CPU
		{7DEB92C9-3E1F-4E78-A916-943BA175242E}.Debug|iPhone.Deploy.0 = Debug|Any CPU
		{7DEB92C9-3E1F-4E78-A916-943BA175242E}.Debug|iPhoneSimulator.ActiveCfg = Debug|Any CPU
		{7DEB92C9-3E1F-4E78-A916-943BA175242E}.Debug|iPhoneSimulator.Build.0 = Debug|Any CPU
		{7DEB92C9-3E1F-4E78-A916-943BA175242E}.Debug|iPhoneSimulator.Deploy.0 = Debug|Any CPU
		{7DEB92C9-3E1F-4E78-A916-943BA175242E}.Debug|x64.ActiveCfg = Debug|Any CPU
		{7DEB92C9-3E1F-4E78-A916-943BA175242E}.Debug|x64.Build.0 = Debug|Any CPU
		{7DEB92C9-3E1F-4E78-A916-943BA175242E}.Debug|x64.Deploy.0 = Debug|Any CPU
		{7DEB92C9-3E1F-4E78-A916-943BA175242E}.Debug|x86.ActiveCfg = Debug|Any CPU
		{7DEB92C9-3E1F-4E78-A916-943BA175242E}.Debug|x86.Build.0 = Debug|Any CPU
		{7DEB92C9-3E1F-4E78-A916-943BA175242E}.Debug|x86.Deploy.0 = Debug|Any CPU
		{7DEB92C9-3E1F-4E78-A916-943BA175242E}.Release|Any CPU.ActiveCfg = Release|Any CPU
		{7DEB92C9-3E1F-4E78-A916-943BA175242E}.Release|Any CPU.Build.0 = Release|Any CPU
		{7DEB92C9-3E1F-4E78-A916-943BA175242E}.Release|Any CPU.Deploy.0 = Release|Any CPU
		{7DEB92C9-3E1F-4E78-A916-943BA175242E}.Release|ARM.ActiveCfg = Release|Any CPU
		{7DEB92C9-3E1F-4E78-A916-943BA175242E}.Release|ARM.Build.0 = Release|Any CPU
		{7DEB92C9-3E1F-4E78-A916-943BA175242E}.Release|ARM.Deploy.0 = Release|Any CPU
		{7DEB92C9-3E1F-4E78-A916-943BA175242E}.Release|ARM64.ActiveCfg = Release|Any CPU
		{7DEB92C9-3E1F-4E78-A916-943BA175242E}.Release|ARM64.Build.0 = Release|Any CPU
		{7DEB92C9-3E1F-4E78-A916-943BA175242E}.Release|ARM64.Deploy.0 = Release|Any CPU
		{7DEB92C9-3E1F-4E78-A916-943BA175242E}.Release|iPhone.ActiveCfg = Release|Any CPU
		{7DEB92C9-3E1F-4E78-A916-943BA175242E}.Release|iPhone.Build.0 = Release|Any CPU
		{7DEB92C9-3E1F-4E78-A916-943BA175242E}.Release|iPhone.Deploy.0 = Release|Any CPU
		{7DEB92C9-3E1F-4E78-A916-943BA175242E}.Release|iPhoneSimulator.ActiveCfg = Release|Any CPU
		{7DEB92C9-3E1F-4E78-A916-943BA175242E}.Release|iPhoneSimulator.Build.0 = Release|Any CPU
		{7DEB92C9-3E1F-4E78-A916-943BA175242E}.Release|iPhoneSimulator.Deploy.0 = Release|Any CPU
		{7DEB92C9-3E1F-4E78-A916-943BA175242E}.Release|x64.ActiveCfg = Release|Any CPU
		{7DEB92C9-3E1F-4E78-A916-943BA175242E}.Release|x64.Build.0 = Release|Any CPU
		{7DEB92C9-3E1F-4E78-A916-943BA175242E}.Release|x64.Deploy.0 = Release|Any CPU
		{7DEB92C9-3E1F-4E78-A916-943BA175242E}.Release|x86.ActiveCfg = Release|Any CPU
		{7DEB92C9-3E1F-4E78-A916-943BA175242E}.Release|x86.Build.0 = Release|Any CPU
		{7DEB92C9-3E1F-4E78-A916-943BA175242E}.Release|x86.Deploy.0 = Release|Any CPU
		{6C79B68F-CC0F-47D9-B3AA-D00B35C99582}.Ad-Hoc|Any CPU.ActiveCfg = Ad-Hoc|iPhoneSimulator
		{6C79B68F-CC0F-47D9-B3AA-D00B35C99582}.Ad-Hoc|Any CPU.Build.0 = Ad-Hoc|iPhoneSimulator
		{6C79B68F-CC0F-47D9-B3AA-D00B35C99582}.Ad-Hoc|ARM.ActiveCfg = Ad-Hoc|iPhoneSimulator
		{6C79B68F-CC0F-47D9-B3AA-D00B35C99582}.Ad-Hoc|ARM.Build.0 = Ad-Hoc|iPhoneSimulator
		{6C79B68F-CC0F-47D9-B3AA-D00B35C99582}.Ad-Hoc|ARM64.ActiveCfg = Ad-Hoc|iPhoneSimulator
		{6C79B68F-CC0F-47D9-B3AA-D00B35C99582}.Ad-Hoc|ARM64.Build.0 = Ad-Hoc|iPhoneSimulator
		{6C79B68F-CC0F-47D9-B3AA-D00B35C99582}.Ad-Hoc|iPhone.ActiveCfg = Ad-Hoc|iPhone
		{6C79B68F-CC0F-47D9-B3AA-D00B35C99582}.Ad-Hoc|iPhone.Build.0 = Ad-Hoc|iPhone
		{6C79B68F-CC0F-47D9-B3AA-D00B35C99582}.Ad-Hoc|iPhoneSimulator.ActiveCfg = Ad-Hoc|iPhoneSimulator
		{6C79B68F-CC0F-47D9-B3AA-D00B35C99582}.Ad-Hoc|iPhoneSimulator.Build.0 = Ad-Hoc|iPhoneSimulator
		{6C79B68F-CC0F-47D9-B3AA-D00B35C99582}.Ad-Hoc|x64.ActiveCfg = Ad-Hoc|iPhoneSimulator
		{6C79B68F-CC0F-47D9-B3AA-D00B35C99582}.Ad-Hoc|x64.Build.0 = Ad-Hoc|iPhoneSimulator
		{6C79B68F-CC0F-47D9-B3AA-D00B35C99582}.Ad-Hoc|x86.ActiveCfg = Ad-Hoc|iPhoneSimulator
		{6C79B68F-CC0F-47D9-B3AA-D00B35C99582}.Ad-Hoc|x86.Build.0 = Ad-Hoc|iPhoneSimulator
		{6C79B68F-CC0F-47D9-B3AA-D00B35C99582}.AppStore|Any CPU.ActiveCfg = AppStore|iPhoneSimulator
		{6C79B68F-CC0F-47D9-B3AA-D00B35C99582}.AppStore|Any CPU.Build.0 = AppStore|iPhoneSimulator
		{6C79B68F-CC0F-47D9-B3AA-D00B35C99582}.AppStore|ARM.ActiveCfg = AppStore|iPhoneSimulator
		{6C79B68F-CC0F-47D9-B3AA-D00B35C99582}.AppStore|ARM.Build.0 = AppStore|iPhoneSimulator
		{6C79B68F-CC0F-47D9-B3AA-D00B35C99582}.AppStore|ARM64.ActiveCfg = AppStore|iPhoneSimulator
		{6C79B68F-CC0F-47D9-B3AA-D00B35C99582}.AppStore|ARM64.Build.0 = AppStore|iPhoneSimulator
		{6C79B68F-CC0F-47D9-B3AA-D00B35C99582}.AppStore|iPhone.ActiveCfg = AppStore|iPhone
		{6C79B68F-CC0F-47D9-B3AA-D00B35C99582}.AppStore|iPhone.Build.0 = AppStore|iPhone
		{6C79B68F-CC0F-47D9-B3AA-D00B35C99582}.AppStore|iPhoneSimulator.ActiveCfg = AppStore|iPhoneSimulator
		{6C79B68F-CC0F-47D9-B3AA-D00B35C99582}.AppStore|iPhoneSimulator.Build.0 = AppStore|iPhoneSimulator
		{6C79B68F-CC0F-47D9-B3AA-D00B35C99582}.AppStore|x64.ActiveCfg = AppStore|iPhoneSimulator
		{6C79B68F-CC0F-47D9-B3AA-D00B35C99582}.AppStore|x64.Build.0 = AppStore|iPhoneSimulator
		{6C79B68F-CC0F-47D9-B3AA-D00B35C99582}.AppStore|x86.ActiveCfg = AppStore|iPhoneSimulator
		{6C79B68F-CC0F-47D9-B3AA-D00B35C99582}.AppStore|x86.Build.0 = AppStore|iPhoneSimulator
		{6C79B68F-CC0F-47D9-B3AA-D00B35C99582}.Debug|Any CPU.ActiveCfg = Debug|iPhoneSimulator
		{6C79B68F-CC0F-47D9-B3AA-D00B35C99582}.Debug|Any CPU.Build.0 = Debug|iPhoneSimulator
		{6C79B68F-CC0F-47D9-B3AA-D00B35C99582}.Debug|ARM.ActiveCfg = Debug|iPhoneSimulator
		{6C79B68F-CC0F-47D9-B3AA-D00B35C99582}.Debug|ARM.Build.0 = Debug|iPhoneSimulator
		{6C79B68F-CC0F-47D9-B3AA-D00B35C99582}.Debug|ARM64.ActiveCfg = Debug|iPhoneSimulator
		{6C79B68F-CC0F-47D9-B3AA-D00B35C99582}.Debug|ARM64.Build.0 = Debug|iPhoneSimulator
		{6C79B68F-CC0F-47D9-B3AA-D00B35C99582}.Debug|iPhone.ActiveCfg = Debug|iPhone
		{6C79B68F-CC0F-47D9-B3AA-D00B35C99582}.Debug|iPhone.Build.0 = Debug|iPhone
		{6C79B68F-CC0F-47D9-B3AA-D00B35C99582}.Debug|iPhoneSimulator.ActiveCfg = Debug|iPhoneSimulator
		{6C79B68F-CC0F-47D9-B3AA-D00B35C99582}.Debug|iPhoneSimulator.Build.0 = Debug|iPhoneSimulator
		{6C79B68F-CC0F-47D9-B3AA-D00B35C99582}.Debug|x64.ActiveCfg = Debug|iPhoneSimulator
		{6C79B68F-CC0F-47D9-B3AA-D00B35C99582}.Debug|x64.Build.0 = Debug|iPhoneSimulator
		{6C79B68F-CC0F-47D9-B3AA-D00B35C99582}.Debug|x86.ActiveCfg = Debug|iPhoneSimulator
		{6C79B68F-CC0F-47D9-B3AA-D00B35C99582}.Debug|x86.Build.0 = Debug|iPhoneSimulator
		{6C79B68F-CC0F-47D9-B3AA-D00B35C99582}.Release|Any CPU.ActiveCfg = Release|iPhoneSimulator
		{6C79B68F-CC0F-47D9-B3AA-D00B35C99582}.Release|Any CPU.Build.0 = Release|iPhoneSimulator
		{6C79B68F-CC0F-47D9-B3AA-D00B35C99582}.Release|ARM.ActiveCfg = Release|iPhoneSimulator
		{6C79B68F-CC0F-47D9-B3AA-D00B35C99582}.Release|ARM.Build.0 = Release|iPhoneSimulator
		{6C79B68F-CC0F-47D9-B3AA-D00B35C99582}.Release|ARM64.ActiveCfg = Release|iPhoneSimulator
		{6C79B68F-CC0F-47D9-B3AA-D00B35C99582}.Release|ARM64.Build.0 = Release|iPhoneSimulator
		{6C79B68F-CC0F-47D9-B3AA-D00B35C99582}.Release|iPhone.ActiveCfg = Release|iPhone
		{6C79B68F-CC0F-47D9-B3AA-D00B35C99582}.Release|iPhone.Build.0 = Release|iPhone
		{6C79B68F-CC0F-47D9-B3AA-D00B35C99582}.Release|iPhoneSimulator.ActiveCfg = Release|iPhoneSimulator
		{6C79B68F-CC0F-47D9-B3AA-D00B35C99582}.Release|iPhoneSimulator.Build.0 = Release|iPhoneSimulator
		{6C79B68F-CC0F-47D9-B3AA-D00B35C99582}.Release|x64.ActiveCfg = Release|iPhoneSimulator
		{6C79B68F-CC0F-47D9-B3AA-D00B35C99582}.Release|x64.Build.0 = Release|iPhoneSimulator
		{6C79B68F-CC0F-47D9-B3AA-D00B35C99582}.Release|x86.ActiveCfg = Release|iPhoneSimulator
		{6C79B68F-CC0F-47D9-B3AA-D00B35C99582}.Release|x86.Build.0 = Release|iPhoneSimulator
		{E40B1BCC-231C-4284-8C3B-C9931071D0F8}.Ad-Hoc|Any CPU.ActiveCfg = Debug|x86
		{E40B1BCC-231C-4284-8C3B-C9931071D0F8}.Ad-Hoc|Any CPU.Build.0 = Debug|x86
		{E40B1BCC-231C-4284-8C3B-C9931071D0F8}.Ad-Hoc|Any CPU.Deploy.0 = Debug|x86
		{E40B1BCC-231C-4284-8C3B-C9931071D0F8}.Ad-Hoc|ARM.ActiveCfg = Debug|ARM
		{E40B1BCC-231C-4284-8C3B-C9931071D0F8}.Ad-Hoc|ARM.Build.0 = Debug|ARM
		{E40B1BCC-231C-4284-8C3B-C9931071D0F8}.Ad-Hoc|ARM.Deploy.0 = Debug|ARM
		{E40B1BCC-231C-4284-8C3B-C9931071D0F8}.Ad-Hoc|ARM64.ActiveCfg = Debug|ARM64
		{E40B1BCC-231C-4284-8C3B-C9931071D0F8}.Ad-Hoc|ARM64.Build.0 = Debug|ARM64
		{E40B1BCC-231C-4284-8C3B-C9931071D0F8}.Ad-Hoc|ARM64.Deploy.0 = Debug|ARM64
		{E40B1BCC-231C-4284-8C3B-C9931071D0F8}.Ad-Hoc|iPhone.ActiveCfg = Debug|x86
		{E40B1BCC-231C-4284-8C3B-C9931071D0F8}.Ad-Hoc|iPhone.Build.0 = Debug|x86
		{E40B1BCC-231C-4284-8C3B-C9931071D0F8}.Ad-Hoc|iPhone.Deploy.0 = Debug|x86
		{E40B1BCC-231C-4284-8C3B-C9931071D0F8}.Ad-Hoc|iPhoneSimulator.ActiveCfg = Debug|x86
		{E40B1BCC-231C-4284-8C3B-C9931071D0F8}.Ad-Hoc|iPhoneSimulator.Build.0 = Debug|x86
		{E40B1BCC-231C-4284-8C3B-C9931071D0F8}.Ad-Hoc|iPhoneSimulator.Deploy.0 = Debug|x86
		{E40B1BCC-231C-4284-8C3B-C9931071D0F8}.Ad-Hoc|x64.ActiveCfg = Debug|x64
		{E40B1BCC-231C-4284-8C3B-C9931071D0F8}.Ad-Hoc|x64.Build.0 = Debug|x64
		{E40B1BCC-231C-4284-8C3B-C9931071D0F8}.Ad-Hoc|x64.Deploy.0 = Debug|x64
		{E40B1BCC-231C-4284-8C3B-C9931071D0F8}.Ad-Hoc|x86.ActiveCfg = Debug|x86
		{E40B1BCC-231C-4284-8C3B-C9931071D0F8}.Ad-Hoc|x86.Build.0 = Debug|x86
		{E40B1BCC-231C-4284-8C3B-C9931071D0F8}.Ad-Hoc|x86.Deploy.0 = Debug|x86
		{E40B1BCC-231C-4284-8C3B-C9931071D0F8}.AppStore|Any CPU.ActiveCfg = Debug|x86
		{E40B1BCC-231C-4284-8C3B-C9931071D0F8}.AppStore|Any CPU.Build.0 = Debug|x86
		{E40B1BCC-231C-4284-8C3B-C9931071D0F8}.AppStore|Any CPU.Deploy.0 = Debug|x86
		{E40B1BCC-231C-4284-8C3B-C9931071D0F8}.AppStore|ARM.ActiveCfg = Debug|ARM
		{E40B1BCC-231C-4284-8C3B-C9931071D0F8}.AppStore|ARM.Build.0 = Debug|ARM
		{E40B1BCC-231C-4284-8C3B-C9931071D0F8}.AppStore|ARM.Deploy.0 = Debug|ARM
		{E40B1BCC-231C-4284-8C3B-C9931071D0F8}.AppStore|ARM64.ActiveCfg = Debug|ARM64
		{E40B1BCC-231C-4284-8C3B-C9931071D0F8}.AppStore|ARM64.Build.0 = Debug|ARM64
		{E40B1BCC-231C-4284-8C3B-C9931071D0F8}.AppStore|ARM64.Deploy.0 = Debug|ARM64
		{E40B1BCC-231C-4284-8C3B-C9931071D0F8}.AppStore|iPhone.ActiveCfg = Debug|x86
		{E40B1BCC-231C-4284-8C3B-C9931071D0F8}.AppStore|iPhone.Build.0 = Debug|x86
		{E40B1BCC-231C-4284-8C3B-C9931071D0F8}.AppStore|iPhone.Deploy.0 = Debug|x86
		{E40B1BCC-231C-4284-8C3B-C9931071D0F8}.AppStore|iPhoneSimulator.ActiveCfg = Debug|x86
		{E40B1BCC-231C-4284-8C3B-C9931071D0F8}.AppStore|iPhoneSimulator.Build.0 = Debug|x86
		{E40B1BCC-231C-4284-8C3B-C9931071D0F8}.AppStore|iPhoneSimulator.Deploy.0 = Debug|x86
		{E40B1BCC-231C-4284-8C3B-C9931071D0F8}.AppStore|x64.ActiveCfg = Debug|x64
		{E40B1BCC-231C-4284-8C3B-C9931071D0F8}.AppStore|x64.Build.0 = Debug|x64
		{E40B1BCC-231C-4284-8C3B-C9931071D0F8}.AppStore|x64.Deploy.0 = Debug|x64
		{E40B1BCC-231C-4284-8C3B-C9931071D0F8}.AppStore|x86.ActiveCfg = Debug|x86
		{E40B1BCC-231C-4284-8C3B-C9931071D0F8}.AppStore|x86.Build.0 = Debug|x86
		{E40B1BCC-231C-4284-8C3B-C9931071D0F8}.AppStore|x86.Deploy.0 = Debug|x86
		{E40B1BCC-231C-4284-8C3B-C9931071D0F8}.Debug|Any CPU.ActiveCfg = Debug|x64
		{E40B1BCC-231C-4284-8C3B-C9931071D0F8}.Debug|Any CPU.Build.0 = Debug|x64
		{E40B1BCC-231C-4284-8C3B-C9931071D0F8}.Debug|Any CPU.Deploy.0 = Debug|x64
		{E40B1BCC-231C-4284-8C3B-C9931071D0F8}.Debug|ARM.ActiveCfg = Debug|ARM
		{E40B1BCC-231C-4284-8C3B-C9931071D0F8}.Debug|ARM.Build.0 = Debug|ARM
		{E40B1BCC-231C-4284-8C3B-C9931071D0F8}.Debug|ARM.Deploy.0 = Debug|ARM
		{E40B1BCC-231C-4284-8C3B-C9931071D0F8}.Debug|ARM64.ActiveCfg = Debug|ARM64
		{E40B1BCC-231C-4284-8C3B-C9931071D0F8}.Debug|ARM64.Build.0 = Debug|ARM64
		{E40B1BCC-231C-4284-8C3B-C9931071D0F8}.Debug|ARM64.Deploy.0 = Debug|ARM64
		{E40B1BCC-231C-4284-8C3B-C9931071D0F8}.Debug|iPhone.ActiveCfg = Debug|x64
		{E40B1BCC-231C-4284-8C3B-C9931071D0F8}.Debug|iPhone.Build.0 = Debug|x64
		{E40B1BCC-231C-4284-8C3B-C9931071D0F8}.Debug|iPhone.Deploy.0 = Debug|x64
		{E40B1BCC-231C-4284-8C3B-C9931071D0F8}.Debug|iPhoneSimulator.ActiveCfg = Debug|x64
		{E40B1BCC-231C-4284-8C3B-C9931071D0F8}.Debug|iPhoneSimulator.Build.0 = Debug|x64
		{E40B1BCC-231C-4284-8C3B-C9931071D0F8}.Debug|iPhoneSimulator.Deploy.0 = Debug|x64
		{E40B1BCC-231C-4284-8C3B-C9931071D0F8}.Debug|x64.ActiveCfg = Debug|x64
		{E40B1BCC-231C-4284-8C3B-C9931071D0F8}.Debug|x64.Build.0 = Debug|x64
		{E40B1BCC-231C-4284-8C3B-C9931071D0F8}.Debug|x64.Deploy.0 = Debug|x64
		{E40B1BCC-231C-4284-8C3B-C9931071D0F8}.Debug|x86.ActiveCfg = Debug|x86
		{E40B1BCC-231C-4284-8C3B-C9931071D0F8}.Debug|x86.Build.0 = Debug|x86
		{E40B1BCC-231C-4284-8C3B-C9931071D0F8}.Debug|x86.Deploy.0 = Debug|x86
		{E40B1BCC-231C-4284-8C3B-C9931071D0F8}.Release|Any CPU.ActiveCfg = Release|x64
		{E40B1BCC-231C-4284-8C3B-C9931071D0F8}.Release|Any CPU.Build.0 = Release|x64
		{E40B1BCC-231C-4284-8C3B-C9931071D0F8}.Release|Any CPU.Deploy.0 = Release|x64
		{E40B1BCC-231C-4284-8C3B-C9931071D0F8}.Release|ARM.ActiveCfg = Release|ARM
		{E40B1BCC-231C-4284-8C3B-C9931071D0F8}.Release|ARM.Build.0 = Release|ARM
		{E40B1BCC-231C-4284-8C3B-C9931071D0F8}.Release|ARM.Deploy.0 = Release|ARM
		{E40B1BCC-231C-4284-8C3B-C9931071D0F8}.Release|ARM64.ActiveCfg = Release|ARM64
		{E40B1BCC-231C-4284-8C3B-C9931071D0F8}.Release|ARM64.Build.0 = Release|ARM64
		{E40B1BCC-231C-4284-8C3B-C9931071D0F8}.Release|ARM64.Deploy.0 = Release|ARM64
		{E40B1BCC-231C-4284-8C3B-C9931071D0F8}.Release|iPhone.ActiveCfg = Release|x64
		{E40B1BCC-231C-4284-8C3B-C9931071D0F8}.Release|iPhone.Build.0 = Release|x64
		{E40B1BCC-231C-4284-8C3B-C9931071D0F8}.Release|iPhone.Deploy.0 = Release|x64
		{E40B1BCC-231C-4284-8C3B-C9931071D0F8}.Release|iPhoneSimulator.ActiveCfg = Release|x64
		{E40B1BCC-231C-4284-8C3B-C9931071D0F8}.Release|iPhoneSimulator.Build.0 = Release|x64
		{E40B1BCC-231C-4284-8C3B-C9931071D0F8}.Release|iPhoneSimulator.Deploy.0 = Release|x64
		{E40B1BCC-231C-4284-8C3B-C9931071D0F8}.Release|x64.ActiveCfg = Release|x64
		{E40B1BCC-231C-4284-8C3B-C9931071D0F8}.Release|x64.Build.0 = Release|x64
		{E40B1BCC-231C-4284-8C3B-C9931071D0F8}.Release|x64.Deploy.0 = Release|x64
		{E40B1BCC-231C-4284-8C3B-C9931071D0F8}.Release|x86.ActiveCfg = Release|x86
		{E40B1BCC-231C-4284-8C3B-C9931071D0F8}.Release|x86.Build.0 = Release|x86
		{E40B1BCC-231C-4284-8C3B-C9931071D0F8}.Release|x86.Deploy.0 = Release|x86
		{5041525C-59DB-4FD8-97DE-6E37C5211B66}.Ad-Hoc|Any CPU.ActiveCfg = Debug|Any CPU
		{5041525C-59DB-4FD8-97DE-6E37C5211B66}.Ad-Hoc|Any CPU.Build.0 = Debug|Any CPU
		{5041525C-59DB-4FD8-97DE-6E37C5211B66}.Ad-Hoc|ARM.ActiveCfg = Debug|Any CPU
		{5041525C-59DB-4FD8-97DE-6E37C5211B66}.Ad-Hoc|ARM.Build.0 = Debug|Any CPU
		{5041525C-59DB-4FD8-97DE-6E37C5211B66}.Ad-Hoc|ARM64.ActiveCfg = Debug|Any CPU
		{5041525C-59DB-4FD8-97DE-6E37C5211B66}.Ad-Hoc|ARM64.Build.0 = Debug|Any CPU
		{5041525C-59DB-4FD8-97DE-6E37C5211B66}.Ad-Hoc|iPhone.ActiveCfg = Debug|Any CPU
		{5041525C-59DB-4FD8-97DE-6E37C5211B66}.Ad-Hoc|iPhone.Build.0 = Debug|Any CPU
		{5041525C-59DB-4FD8-97DE-6E37C5211B66}.Ad-Hoc|iPhoneSimulator.ActiveCfg = Debug|Any CPU
		{5041525C-59DB-4FD8-97DE-6E37C5211B66}.Ad-Hoc|iPhoneSimulator.Build.0 = Debug|Any CPU
		{5041525C-59DB-4FD8-97DE-6E37C5211B66}.Ad-Hoc|x64.ActiveCfg = Debug|Any CPU
		{5041525C-59DB-4FD8-97DE-6E37C5211B66}.Ad-Hoc|x64.Build.0 = Debug|Any CPU
		{5041525C-59DB-4FD8-97DE-6E37C5211B66}.Ad-Hoc|x86.ActiveCfg = Debug|Any CPU
		{5041525C-59DB-4FD8-97DE-6E37C5211B66}.Ad-Hoc|x86.Build.0 = Debug|Any CPU
		{5041525C-59DB-4FD8-97DE-6E37C5211B66}.AppStore|Any CPU.ActiveCfg = Debug|Any CPU
		{5041525C-59DB-4FD8-97DE-6E37C5211B66}.AppStore|Any CPU.Build.0 = Debug|Any CPU
		{5041525C-59DB-4FD8-97DE-6E37C5211B66}.AppStore|ARM.ActiveCfg = Debug|Any CPU
		{5041525C-59DB-4FD8-97DE-6E37C5211B66}.AppStore|ARM.Build.0 = Debug|Any CPU
		{5041525C-59DB-4FD8-97DE-6E37C5211B66}.AppStore|ARM64.ActiveCfg = Debug|Any CPU
		{5041525C-59DB-4FD8-97DE-6E37C5211B66}.AppStore|ARM64.Build.0 = Debug|Any CPU
		{5041525C-59DB-4FD8-97DE-6E37C5211B66}.AppStore|iPhone.ActiveCfg = Debug|Any CPU
		{5041525C-59DB-4FD8-97DE-6E37C5211B66}.AppStore|iPhone.Build.0 = Debug|Any CPU
		{5041525C-59DB-4FD8-97DE-6E37C5211B66}.AppStore|iPhoneSimulator.ActiveCfg = Debug|Any CPU
		{5041525C-59DB-4FD8-97DE-6E37C5211B66}.AppStore|iPhoneSimulator.Build.0 = Debug|Any CPU
		{5041525C-59DB-4FD8-97DE-6E37C5211B66}.AppStore|x64.ActiveCfg = Debug|Any CPU
		{5041525C-59DB-4FD8-97DE-6E37C5211B66}.AppStore|x64.Build.0 = Debug|Any CPU
		{5041525C-59DB-4FD8-97DE-6E37C5211B66}.AppStore|x86.ActiveCfg = Debug|Any CPU
		{5041525C-59DB-4FD8-97DE-6E37C5211B66}.AppStore|x86.Build.0 = Debug|Any CPU
		{5041525C-59DB-4FD8-97DE-6E37C5211B66}.Debug|Any CPU.ActiveCfg = Debug|Any CPU
		{5041525C-59DB-4FD8-97DE-6E37C5211B66}.Debug|Any CPU.Build.0 = Debug|Any CPU
		{5041525C-59DB-4FD8-97DE-6E37C5211B66}.Debug|ARM.ActiveCfg = Debug|Any CPU
		{5041525C-59DB-4FD8-97DE-6E37C5211B66}.Debug|ARM.Build.0 = Debug|Any CPU
		{5041525C-59DB-4FD8-97DE-6E37C5211B66}.Debug|ARM64.ActiveCfg = Debug|Any CPU
		{5041525C-59DB-4FD8-97DE-6E37C5211B66}.Debug|ARM64.Build.0 = Debug|Any CPU
		{5041525C-59DB-4FD8-97DE-6E37C5211B66}.Debug|iPhone.ActiveCfg = Debug|Any CPU
		{5041525C-59DB-4FD8-97DE-6E37C5211B66}.Debug|iPhone.Build.0 = Debug|Any CPU
		{5041525C-59DB-4FD8-97DE-6E37C5211B66}.Debug|iPhoneSimulator.ActiveCfg = Debug|Any CPU
		{5041525C-59DB-4FD8-97DE-6E37C5211B66}.Debug|iPhoneSimulator.Build.0 = Debug|Any CPU
		{5041525C-59DB-4FD8-97DE-6E37C5211B66}.Debug|x64.ActiveCfg = Debug|Any CPU
		{5041525C-59DB-4FD8-97DE-6E37C5211B66}.Debug|x64.Build.0 = Debug|Any CPU
		{5041525C-59DB-4FD8-97DE-6E37C5211B66}.Debug|x86.ActiveCfg = Debug|Any CPU
		{5041525C-59DB-4FD8-97DE-6E37C5211B66}.Debug|x86.Build.0 = Debug|Any CPU
		{5041525C-59DB-4FD8-97DE-6E37C5211B66}.Release|Any CPU.ActiveCfg = Release|Any CPU
		{5041525C-59DB-4FD8-97DE-6E37C5211B66}.Release|Any CPU.Build.0 = Release|Any CPU
		{5041525C-59DB-4FD8-97DE-6E37C5211B66}.Release|ARM.ActiveCfg = Release|Any CPU
		{5041525C-59DB-4FD8-97DE-6E37C5211B66}.Release|ARM.Build.0 = Release|Any CPU
		{5041525C-59DB-4FD8-97DE-6E37C5211B66}.Release|ARM64.ActiveCfg = Release|Any CPU
		{5041525C-59DB-4FD8-97DE-6E37C5211B66}.Release|ARM64.Build.0 = Release|Any CPU
		{5041525C-59DB-4FD8-97DE-6E37C5211B66}.Release|iPhone.ActiveCfg = Release|Any CPU
		{5041525C-59DB-4FD8-97DE-6E37C5211B66}.Release|iPhone.Build.0 = Release|Any CPU
		{5041525C-59DB-4FD8-97DE-6E37C5211B66}.Release|iPhoneSimulator.ActiveCfg = Release|Any CPU
		{5041525C-59DB-4FD8-97DE-6E37C5211B66}.Release|iPhoneSimulator.Build.0 = Release|Any CPU
		{5041525C-59DB-4FD8-97DE-6E37C5211B66}.Release|x64.ActiveCfg = Release|Any CPU
		{5041525C-59DB-4FD8-97DE-6E37C5211B66}.Release|x64.Build.0 = Release|Any CPU
		{5041525C-59DB-4FD8-97DE-6E37C5211B66}.Release|x86.ActiveCfg = Release|Any CPU
		{5041525C-59DB-4FD8-97DE-6E37C5211B66}.Release|x86.Build.0 = Release|Any CPU
		{4527DCB2-D893-4308-AEAD-F002A5F78A3E}.Ad-Hoc|Any CPU.ActiveCfg = Debug|iPhoneSimulator
		{4527DCB2-D893-4308-AEAD-F002A5F78A3E}.Ad-Hoc|Any CPU.Build.0 = Debug|iPhoneSimulator
		{4527DCB2-D893-4308-AEAD-F002A5F78A3E}.Ad-Hoc|ARM.ActiveCfg = Debug|iPhoneSimulator
		{4527DCB2-D893-4308-AEAD-F002A5F78A3E}.Ad-Hoc|ARM.Build.0 = Debug|iPhoneSimulator
		{4527DCB2-D893-4308-AEAD-F002A5F78A3E}.Ad-Hoc|ARM64.ActiveCfg = Debug|iPhoneSimulator
		{4527DCB2-D893-4308-AEAD-F002A5F78A3E}.Ad-Hoc|ARM64.Build.0 = Debug|iPhoneSimulator
		{4527DCB2-D893-4308-AEAD-F002A5F78A3E}.Ad-Hoc|iPhone.ActiveCfg = Debug|iPhoneSimulator
		{4527DCB2-D893-4308-AEAD-F002A5F78A3E}.Ad-Hoc|iPhone.Build.0 = Debug|iPhoneSimulator
		{4527DCB2-D893-4308-AEAD-F002A5F78A3E}.Ad-Hoc|iPhoneSimulator.ActiveCfg = Debug|iPhoneSimulator
		{4527DCB2-D893-4308-AEAD-F002A5F78A3E}.Ad-Hoc|iPhoneSimulator.Build.0 = Debug|iPhoneSimulator
		{4527DCB2-D893-4308-AEAD-F002A5F78A3E}.Ad-Hoc|x64.ActiveCfg = Debug|iPhoneSimulator
		{4527DCB2-D893-4308-AEAD-F002A5F78A3E}.Ad-Hoc|x64.Build.0 = Debug|iPhoneSimulator
		{4527DCB2-D893-4308-AEAD-F002A5F78A3E}.Ad-Hoc|x86.ActiveCfg = Debug|iPhoneSimulator
		{4527DCB2-D893-4308-AEAD-F002A5F78A3E}.Ad-Hoc|x86.Build.0 = Debug|iPhoneSimulator
		{4527DCB2-D893-4308-AEAD-F002A5F78A3E}.AppStore|Any CPU.ActiveCfg = Debug|iPhoneSimulator
		{4527DCB2-D893-4308-AEAD-F002A5F78A3E}.AppStore|Any CPU.Build.0 = Debug|iPhoneSimulator
		{4527DCB2-D893-4308-AEAD-F002A5F78A3E}.AppStore|ARM.ActiveCfg = Debug|iPhoneSimulator
		{4527DCB2-D893-4308-AEAD-F002A5F78A3E}.AppStore|ARM.Build.0 = Debug|iPhoneSimulator
		{4527DCB2-D893-4308-AEAD-F002A5F78A3E}.AppStore|ARM64.ActiveCfg = Debug|iPhoneSimulator
		{4527DCB2-D893-4308-AEAD-F002A5F78A3E}.AppStore|ARM64.Build.0 = Debug|iPhoneSimulator
		{4527DCB2-D893-4308-AEAD-F002A5F78A3E}.AppStore|iPhone.ActiveCfg = Debug|iPhoneSimulator
		{4527DCB2-D893-4308-AEAD-F002A5F78A3E}.AppStore|iPhone.Build.0 = Debug|iPhoneSimulator
		{4527DCB2-D893-4308-AEAD-F002A5F78A3E}.AppStore|iPhoneSimulator.ActiveCfg = Debug|iPhoneSimulator
		{4527DCB2-D893-4308-AEAD-F002A5F78A3E}.AppStore|iPhoneSimulator.Build.0 = Debug|iPhoneSimulator
		{4527DCB2-D893-4308-AEAD-F002A5F78A3E}.AppStore|x64.ActiveCfg = Debug|iPhoneSimulator
		{4527DCB2-D893-4308-AEAD-F002A5F78A3E}.AppStore|x64.Build.0 = Debug|iPhoneSimulator
		{4527DCB2-D893-4308-AEAD-F002A5F78A3E}.AppStore|x86.ActiveCfg = Debug|iPhoneSimulator
		{4527DCB2-D893-4308-AEAD-F002A5F78A3E}.AppStore|x86.Build.0 = Debug|iPhoneSimulator
		{4527DCB2-D893-4308-AEAD-F002A5F78A3E}.Debug|Any CPU.ActiveCfg = Debug|iPhoneSimulator
		{4527DCB2-D893-4308-AEAD-F002A5F78A3E}.Debug|Any CPU.Build.0 = Debug|iPhoneSimulator
		{4527DCB2-D893-4308-AEAD-F002A5F78A3E}.Debug|ARM.ActiveCfg = Debug|iPhoneSimulator
		{4527DCB2-D893-4308-AEAD-F002A5F78A3E}.Debug|ARM.Build.0 = Debug|iPhoneSimulator
		{4527DCB2-D893-4308-AEAD-F002A5F78A3E}.Debug|ARM64.ActiveCfg = Debug|iPhoneSimulator
		{4527DCB2-D893-4308-AEAD-F002A5F78A3E}.Debug|ARM64.Build.0 = Debug|iPhoneSimulator
		{4527DCB2-D893-4308-AEAD-F002A5F78A3E}.Debug|iPhone.ActiveCfg = Debug|iPhoneSimulator
		{4527DCB2-D893-4308-AEAD-F002A5F78A3E}.Debug|iPhone.Build.0 = Debug|iPhoneSimulator
		{4527DCB2-D893-4308-AEAD-F002A5F78A3E}.Debug|iPhoneSimulator.ActiveCfg = Debug|iPhoneSimulator
		{4527DCB2-D893-4308-AEAD-F002A5F78A3E}.Debug|iPhoneSimulator.Build.0 = Debug|iPhoneSimulator
		{4527DCB2-D893-4308-AEAD-F002A5F78A3E}.Debug|x64.ActiveCfg = Debug|iPhoneSimulator
		{4527DCB2-D893-4308-AEAD-F002A5F78A3E}.Debug|x64.Build.0 = Debug|iPhoneSimulator
		{4527DCB2-D893-4308-AEAD-F002A5F78A3E}.Debug|x86.ActiveCfg = Debug|iPhoneSimulator
		{4527DCB2-D893-4308-AEAD-F002A5F78A3E}.Debug|x86.Build.0 = Debug|iPhoneSimulator
		{4527DCB2-D893-4308-AEAD-F002A5F78A3E}.Release|Any CPU.ActiveCfg = Release|iPhoneSimulator
		{4527DCB2-D893-4308-AEAD-F002A5F78A3E}.Release|Any CPU.Build.0 = Release|iPhoneSimulator
		{4527DCB2-D893-4308-AEAD-F002A5F78A3E}.Release|ARM.ActiveCfg = Release|iPhoneSimulator
		{4527DCB2-D893-4308-AEAD-F002A5F78A3E}.Release|ARM.Build.0 = Release|iPhoneSimulator
		{4527DCB2-D893-4308-AEAD-F002A5F78A3E}.Release|ARM64.ActiveCfg = Release|iPhoneSimulator
		{4527DCB2-D893-4308-AEAD-F002A5F78A3E}.Release|ARM64.Build.0 = Release|iPhoneSimulator
		{4527DCB2-D893-4308-AEAD-F002A5F78A3E}.Release|iPhone.ActiveCfg = Release|iPhoneSimulator
		{4527DCB2-D893-4308-AEAD-F002A5F78A3E}.Release|iPhone.Build.0 = Release|iPhoneSimulator
		{4527DCB2-D893-4308-AEAD-F002A5F78A3E}.Release|iPhoneSimulator.ActiveCfg = Release|iPhoneSimulator
		{4527DCB2-D893-4308-AEAD-F002A5F78A3E}.Release|iPhoneSimulator.Build.0 = Release|iPhoneSimulator
		{4527DCB2-D893-4308-AEAD-F002A5F78A3E}.Release|x64.ActiveCfg = Release|iPhoneSimulator
		{4527DCB2-D893-4308-AEAD-F002A5F78A3E}.Release|x64.Build.0 = Release|iPhoneSimulator
		{4527DCB2-D893-4308-AEAD-F002A5F78A3E}.Release|x86.ActiveCfg = Release|iPhoneSimulator
		{4527DCB2-D893-4308-AEAD-F002A5F78A3E}.Release|x86.Build.0 = Release|iPhoneSimulator
		{1A065C6B-DD01-42E4-AAA2-E012DA1F7897}.Ad-Hoc|Any CPU.ActiveCfg = Debug|Any CPU
		{1A065C6B-DD01-42E4-AAA2-E012DA1F7897}.Ad-Hoc|Any CPU.Build.0 = Debug|Any CPU
		{1A065C6B-DD01-42E4-AAA2-E012DA1F7897}.Ad-Hoc|ARM.ActiveCfg = Debug|Any CPU
		{1A065C6B-DD01-42E4-AAA2-E012DA1F7897}.Ad-Hoc|ARM.Build.0 = Debug|Any CPU
		{1A065C6B-DD01-42E4-AAA2-E012DA1F7897}.Ad-Hoc|ARM64.ActiveCfg = Debug|Any CPU
		{1A065C6B-DD01-42E4-AAA2-E012DA1F7897}.Ad-Hoc|ARM64.Build.0 = Debug|Any CPU
		{1A065C6B-DD01-42E4-AAA2-E012DA1F7897}.Ad-Hoc|iPhone.ActiveCfg = Debug|Any CPU
		{1A065C6B-DD01-42E4-AAA2-E012DA1F7897}.Ad-Hoc|iPhone.Build.0 = Debug|Any CPU
		{1A065C6B-DD01-42E4-AAA2-E012DA1F7897}.Ad-Hoc|iPhoneSimulator.ActiveCfg = Debug|Any CPU
		{1A065C6B-DD01-42E4-AAA2-E012DA1F7897}.Ad-Hoc|iPhoneSimulator.Build.0 = Debug|Any CPU
		{1A065C6B-DD01-42E4-AAA2-E012DA1F7897}.Ad-Hoc|x64.ActiveCfg = Debug|Any CPU
		{1A065C6B-DD01-42E4-AAA2-E012DA1F7897}.Ad-Hoc|x64.Build.0 = Debug|Any CPU
		{1A065C6B-DD01-42E4-AAA2-E012DA1F7897}.Ad-Hoc|x86.ActiveCfg = Debug|Any CPU
		{1A065C6B-DD01-42E4-AAA2-E012DA1F7897}.Ad-Hoc|x86.Build.0 = Debug|Any CPU
		{1A065C6B-DD01-42E4-AAA2-E012DA1F7897}.AppStore|Any CPU.ActiveCfg = Debug|Any CPU
		{1A065C6B-DD01-42E4-AAA2-E012DA1F7897}.AppStore|Any CPU.Build.0 = Debug|Any CPU
		{1A065C6B-DD01-42E4-AAA2-E012DA1F7897}.AppStore|ARM.ActiveCfg = Debug|Any CPU
		{1A065C6B-DD01-42E4-AAA2-E012DA1F7897}.AppStore|ARM.Build.0 = Debug|Any CPU
		{1A065C6B-DD01-42E4-AAA2-E012DA1F7897}.AppStore|ARM64.ActiveCfg = Debug|Any CPU
		{1A065C6B-DD01-42E4-AAA2-E012DA1F7897}.AppStore|ARM64.Build.0 = Debug|Any CPU
		{1A065C6B-DD01-42E4-AAA2-E012DA1F7897}.AppStore|iPhone.ActiveCfg = Debug|Any CPU
		{1A065C6B-DD01-42E4-AAA2-E012DA1F7897}.AppStore|iPhone.Build.0 = Debug|Any CPU
		{1A065C6B-DD01-42E4-AAA2-E012DA1F7897}.AppStore|iPhoneSimulator.ActiveCfg = Debug|Any CPU
		{1A065C6B-DD01-42E4-AAA2-E012DA1F7897}.AppStore|iPhoneSimulator.Build.0 = Debug|Any CPU
		{1A065C6B-DD01-42E4-AAA2-E012DA1F7897}.AppStore|x64.ActiveCfg = Debug|Any CPU
		{1A065C6B-DD01-42E4-AAA2-E012DA1F7897}.AppStore|x64.Build.0 = Debug|Any CPU
		{1A065C6B-DD01-42E4-AAA2-E012DA1F7897}.AppStore|x86.ActiveCfg = Debug|Any CPU
		{1A065C6B-DD01-42E4-AAA2-E012DA1F7897}.AppStore|x86.Build.0 = Debug|Any CPU
		{1A065C6B-DD01-42E4-AAA2-E012DA1F7897}.Debug|Any CPU.ActiveCfg = Debug|Any CPU
		{1A065C6B-DD01-42E4-AAA2-E012DA1F7897}.Debug|Any CPU.Build.0 = Debug|Any CPU
		{1A065C6B-DD01-42E4-AAA2-E012DA1F7897}.Debug|ARM.ActiveCfg = Debug|Any CPU
		{1A065C6B-DD01-42E4-AAA2-E012DA1F7897}.Debug|ARM.Build.0 = Debug|Any CPU
		{1A065C6B-DD01-42E4-AAA2-E012DA1F7897}.Debug|ARM64.ActiveCfg = Debug|Any CPU
		{1A065C6B-DD01-42E4-AAA2-E012DA1F7897}.Debug|ARM64.Build.0 = Debug|Any CPU
		{1A065C6B-DD01-42E4-AAA2-E012DA1F7897}.Debug|iPhone.ActiveCfg = Debug|Any CPU
		{1A065C6B-DD01-42E4-AAA2-E012DA1F7897}.Debug|iPhone.Build.0 = Debug|Any CPU
		{1A065C6B-DD01-42E4-AAA2-E012DA1F7897}.Debug|iPhoneSimulator.ActiveCfg = Debug|Any CPU
		{1A065C6B-DD01-42E4-AAA2-E012DA1F7897}.Debug|iPhoneSimulator.Build.0 = Debug|Any CPU
		{1A065C6B-DD01-42E4-AAA2-E012DA1F7897}.Debug|x64.ActiveCfg = Debug|Any CPU
		{1A065C6B-DD01-42E4-AAA2-E012DA1F7897}.Debug|x64.Build.0 = Debug|Any CPU
		{1A065C6B-DD01-42E4-AAA2-E012DA1F7897}.Debug|x86.ActiveCfg = Debug|Any CPU
		{1A065C6B-DD01-42E4-AAA2-E012DA1F7897}.Debug|x86.Build.0 = Debug|Any CPU
		{1A065C6B-DD01-42E4-AAA2-E012DA1F7897}.Release|Any CPU.ActiveCfg = Release|Any CPU
		{1A065C6B-DD01-42E4-AAA2-E012DA1F7897}.Release|Any CPU.Build.0 = Release|Any CPU
		{1A065C6B-DD01-42E4-AAA2-E012DA1F7897}.Release|ARM.ActiveCfg = Release|Any CPU
		{1A065C6B-DD01-42E4-AAA2-E012DA1F7897}.Release|ARM.Build.0 = Release|Any CPU
		{1A065C6B-DD01-42E4-AAA2-E012DA1F7897}.Release|ARM64.ActiveCfg = Release|Any CPU
		{1A065C6B-DD01-42E4-AAA2-E012DA1F7897}.Release|ARM64.Build.0 = Release|Any CPU
		{1A065C6B-DD01-42E4-AAA2-E012DA1F7897}.Release|iPhone.ActiveCfg = Release|Any CPU
		{1A065C6B-DD01-42E4-AAA2-E012DA1F7897}.Release|iPhone.Build.0 = Release|Any CPU
		{1A065C6B-DD01-42E4-AAA2-E012DA1F7897}.Release|iPhoneSimulator.ActiveCfg = Release|Any CPU
		{1A065C6B-DD01-42E4-AAA2-E012DA1F7897}.Release|iPhoneSimulator.Build.0 = Release|Any CPU
		{1A065C6B-DD01-42E4-AAA2-E012DA1F7897}.Release|x64.ActiveCfg = Release|Any CPU
		{1A065C6B-DD01-42E4-AAA2-E012DA1F7897}.Release|x64.Build.0 = Release|Any CPU
		{1A065C6B-DD01-42E4-AAA2-E012DA1F7897}.Release|x86.ActiveCfg = Release|Any CPU
		{1A065C6B-DD01-42E4-AAA2-E012DA1F7897}.Release|x86.Build.0 = Release|Any CPU
		{EAE4D60C-F82D-4C3C-B1FB-5B22473BB4A2}.Ad-Hoc|Any CPU.ActiveCfg = Debug|Any CPU
		{EAE4D60C-F82D-4C3C-B1FB-5B22473BB4A2}.Ad-Hoc|Any CPU.Build.0 = Debug|Any CPU
		{EAE4D60C-F82D-4C3C-B1FB-5B22473BB4A2}.Ad-Hoc|ARM.ActiveCfg = Debug|Any CPU
		{EAE4D60C-F82D-4C3C-B1FB-5B22473BB4A2}.Ad-Hoc|ARM.Build.0 = Debug|Any CPU
		{EAE4D60C-F82D-4C3C-B1FB-5B22473BB4A2}.Ad-Hoc|ARM64.ActiveCfg = Debug|Any CPU
		{EAE4D60C-F82D-4C3C-B1FB-5B22473BB4A2}.Ad-Hoc|ARM64.Build.0 = Debug|Any CPU
		{EAE4D60C-F82D-4C3C-B1FB-5B22473BB4A2}.Ad-Hoc|iPhone.ActiveCfg = Debug|Any CPU
		{EAE4D60C-F82D-4C3C-B1FB-5B22473BB4A2}.Ad-Hoc|iPhone.Build.0 = Debug|Any CPU
		{EAE4D60C-F82D-4C3C-B1FB-5B22473BB4A2}.Ad-Hoc|iPhoneSimulator.ActiveCfg = Debug|Any CPU
		{EAE4D60C-F82D-4C3C-B1FB-5B22473BB4A2}.Ad-Hoc|iPhoneSimulator.Build.0 = Debug|Any CPU
		{EAE4D60C-F82D-4C3C-B1FB-5B22473BB4A2}.Ad-Hoc|x64.ActiveCfg = Debug|Any CPU
		{EAE4D60C-F82D-4C3C-B1FB-5B22473BB4A2}.Ad-Hoc|x64.Build.0 = Debug|Any CPU
		{EAE4D60C-F82D-4C3C-B1FB-5B22473BB4A2}.Ad-Hoc|x86.ActiveCfg = Debug|Any CPU
		{EAE4D60C-F82D-4C3C-B1FB-5B22473BB4A2}.Ad-Hoc|x86.Build.0 = Debug|Any CPU
		{EAE4D60C-F82D-4C3C-B1FB-5B22473BB4A2}.AppStore|Any CPU.ActiveCfg = Debug|Any CPU
		{EAE4D60C-F82D-4C3C-B1FB-5B22473BB4A2}.AppStore|Any CPU.Build.0 = Debug|Any CPU
		{EAE4D60C-F82D-4C3C-B1FB-5B22473BB4A2}.AppStore|ARM.ActiveCfg = Debug|Any CPU
		{EAE4D60C-F82D-4C3C-B1FB-5B22473BB4A2}.AppStore|ARM.Build.0 = Debug|Any CPU
		{EAE4D60C-F82D-4C3C-B1FB-5B22473BB4A2}.AppStore|ARM64.ActiveCfg = Debug|Any CPU
		{EAE4D60C-F82D-4C3C-B1FB-5B22473BB4A2}.AppStore|ARM64.Build.0 = Debug|Any CPU
		{EAE4D60C-F82D-4C3C-B1FB-5B22473BB4A2}.AppStore|iPhone.ActiveCfg = Debug|Any CPU
		{EAE4D60C-F82D-4C3C-B1FB-5B22473BB4A2}.AppStore|iPhone.Build.0 = Debug|Any CPU
		{EAE4D60C-F82D-4C3C-B1FB-5B22473BB4A2}.AppStore|iPhoneSimulator.ActiveCfg = Debug|Any CPU
		{EAE4D60C-F82D-4C3C-B1FB-5B22473BB4A2}.AppStore|iPhoneSimulator.Build.0 = Debug|Any CPU
		{EAE4D60C-F82D-4C3C-B1FB-5B22473BB4A2}.AppStore|x64.ActiveCfg = Debug|Any CPU
		{EAE4D60C-F82D-4C3C-B1FB-5B22473BB4A2}.AppStore|x64.Build.0 = Debug|Any CPU
		{EAE4D60C-F82D-4C3C-B1FB-5B22473BB4A2}.AppStore|x86.ActiveCfg = Debug|Any CPU
		{EAE4D60C-F82D-4C3C-B1FB-5B22473BB4A2}.AppStore|x86.Build.0 = Debug|Any CPU
		{EAE4D60C-F82D-4C3C-B1FB-5B22473BB4A2}.Debug|Any CPU.ActiveCfg = Debug|Any CPU
		{EAE4D60C-F82D-4C3C-B1FB-5B22473BB4A2}.Debug|Any CPU.Build.0 = Debug|Any CPU
		{EAE4D60C-F82D-4C3C-B1FB-5B22473BB4A2}.Debug|ARM.ActiveCfg = Debug|Any CPU
		{EAE4D60C-F82D-4C3C-B1FB-5B22473BB4A2}.Debug|ARM.Build.0 = Debug|Any CPU
		{EAE4D60C-F82D-4C3C-B1FB-5B22473BB4A2}.Debug|ARM64.ActiveCfg = Debug|Any CPU
		{EAE4D60C-F82D-4C3C-B1FB-5B22473BB4A2}.Debug|ARM64.Build.0 = Debug|Any CPU
		{EAE4D60C-F82D-4C3C-B1FB-5B22473BB4A2}.Debug|iPhone.ActiveCfg = Debug|Any CPU
		{EAE4D60C-F82D-4C3C-B1FB-5B22473BB4A2}.Debug|iPhone.Build.0 = Debug|Any CPU
		{EAE4D60C-F82D-4C3C-B1FB-5B22473BB4A2}.Debug|iPhoneSimulator.ActiveCfg = Debug|Any CPU
		{EAE4D60C-F82D-4C3C-B1FB-5B22473BB4A2}.Debug|iPhoneSimulator.Build.0 = Debug|Any CPU
		{EAE4D60C-F82D-4C3C-B1FB-5B22473BB4A2}.Debug|x64.ActiveCfg = Debug|Any CPU
		{EAE4D60C-F82D-4C3C-B1FB-5B22473BB4A2}.Debug|x64.Build.0 = Debug|Any CPU
		{EAE4D60C-F82D-4C3C-B1FB-5B22473BB4A2}.Debug|x86.ActiveCfg = Debug|Any CPU
		{EAE4D60C-F82D-4C3C-B1FB-5B22473BB4A2}.Debug|x86.Build.0 = Debug|Any CPU
		{EAE4D60C-F82D-4C3C-B1FB-5B22473BB4A2}.Release|Any CPU.ActiveCfg = Release|Any CPU
		{EAE4D60C-F82D-4C3C-B1FB-5B22473BB4A2}.Release|Any CPU.Build.0 = Release|Any CPU
		{EAE4D60C-F82D-4C3C-B1FB-5B22473BB4A2}.Release|ARM.ActiveCfg = Release|Any CPU
		{EAE4D60C-F82D-4C3C-B1FB-5B22473BB4A2}.Release|ARM.Build.0 = Release|Any CPU
		{EAE4D60C-F82D-4C3C-B1FB-5B22473BB4A2}.Release|ARM64.ActiveCfg = Release|Any CPU
		{EAE4D60C-F82D-4C3C-B1FB-5B22473BB4A2}.Release|ARM64.Build.0 = Release|Any CPU
		{EAE4D60C-F82D-4C3C-B1FB-5B22473BB4A2}.Release|iPhone.ActiveCfg = Release|Any CPU
		{EAE4D60C-F82D-4C3C-B1FB-5B22473BB4A2}.Release|iPhone.Build.0 = Release|Any CPU
		{EAE4D60C-F82D-4C3C-B1FB-5B22473BB4A2}.Release|iPhoneSimulator.ActiveCfg = Release|Any CPU
		{EAE4D60C-F82D-4C3C-B1FB-5B22473BB4A2}.Release|iPhoneSimulator.Build.0 = Release|Any CPU
		{EAE4D60C-F82D-4C3C-B1FB-5B22473BB4A2}.Release|x64.ActiveCfg = Release|Any CPU
		{EAE4D60C-F82D-4C3C-B1FB-5B22473BB4A2}.Release|x64.Build.0 = Release|Any CPU
		{EAE4D60C-F82D-4C3C-B1FB-5B22473BB4A2}.Release|x86.ActiveCfg = Release|Any CPU
		{EAE4D60C-F82D-4C3C-B1FB-5B22473BB4A2}.Release|x86.Build.0 = Release|Any CPU
		{6AF49FC3-F917-40C7-99E7-9A95884B68E8}.Ad-Hoc|Any CPU.ActiveCfg = Debug|Any CPU
		{6AF49FC3-F917-40C7-99E7-9A95884B68E8}.Ad-Hoc|Any CPU.Build.0 = Debug|Any CPU
		{6AF49FC3-F917-40C7-99E7-9A95884B68E8}.Ad-Hoc|ARM.ActiveCfg = Debug|Any CPU
		{6AF49FC3-F917-40C7-99E7-9A95884B68E8}.Ad-Hoc|ARM.Build.0 = Debug|Any CPU
		{6AF49FC3-F917-40C7-99E7-9A95884B68E8}.Ad-Hoc|ARM64.ActiveCfg = Debug|Any CPU
		{6AF49FC3-F917-40C7-99E7-9A95884B68E8}.Ad-Hoc|ARM64.Build.0 = Debug|Any CPU
		{6AF49FC3-F917-40C7-99E7-9A95884B68E8}.Ad-Hoc|iPhone.ActiveCfg = Debug|Any CPU
		{6AF49FC3-F917-40C7-99E7-9A95884B68E8}.Ad-Hoc|iPhone.Build.0 = Debug|Any CPU
		{6AF49FC3-F917-40C7-99E7-9A95884B68E8}.Ad-Hoc|iPhoneSimulator.ActiveCfg = Debug|Any CPU
		{6AF49FC3-F917-40C7-99E7-9A95884B68E8}.Ad-Hoc|iPhoneSimulator.Build.0 = Debug|Any CPU
		{6AF49FC3-F917-40C7-99E7-9A95884B68E8}.Ad-Hoc|x64.ActiveCfg = Debug|Any CPU
		{6AF49FC3-F917-40C7-99E7-9A95884B68E8}.Ad-Hoc|x64.Build.0 = Debug|Any CPU
		{6AF49FC3-F917-40C7-99E7-9A95884B68E8}.Ad-Hoc|x86.ActiveCfg = Debug|Any CPU
		{6AF49FC3-F917-40C7-99E7-9A95884B68E8}.Ad-Hoc|x86.Build.0 = Debug|Any CPU
		{6AF49FC3-F917-40C7-99E7-9A95884B68E8}.AppStore|Any CPU.ActiveCfg = Debug|Any CPU
		{6AF49FC3-F917-40C7-99E7-9A95884B68E8}.AppStore|Any CPU.Build.0 = Debug|Any CPU
		{6AF49FC3-F917-40C7-99E7-9A95884B68E8}.AppStore|ARM.ActiveCfg = Debug|Any CPU
		{6AF49FC3-F917-40C7-99E7-9A95884B68E8}.AppStore|ARM.Build.0 = Debug|Any CPU
		{6AF49FC3-F917-40C7-99E7-9A95884B68E8}.AppStore|ARM64.ActiveCfg = Debug|Any CPU
		{6AF49FC3-F917-40C7-99E7-9A95884B68E8}.AppStore|ARM64.Build.0 = Debug|Any CPU
		{6AF49FC3-F917-40C7-99E7-9A95884B68E8}.AppStore|iPhone.ActiveCfg = Debug|Any CPU
		{6AF49FC3-F917-40C7-99E7-9A95884B68E8}.AppStore|iPhone.Build.0 = Debug|Any CPU
		{6AF49FC3-F917-40C7-99E7-9A95884B68E8}.AppStore|iPhoneSimulator.ActiveCfg = Debug|Any CPU
		{6AF49FC3-F917-40C7-99E7-9A95884B68E8}.AppStore|iPhoneSimulator.Build.0 = Debug|Any CPU
		{6AF49FC3-F917-40C7-99E7-9A95884B68E8}.AppStore|x64.ActiveCfg = Debug|Any CPU
		{6AF49FC3-F917-40C7-99E7-9A95884B68E8}.AppStore|x64.Build.0 = Debug|Any CPU
		{6AF49FC3-F917-40C7-99E7-9A95884B68E8}.AppStore|x86.ActiveCfg = Debug|Any CPU
		{6AF49FC3-F917-40C7-99E7-9A95884B68E8}.AppStore|x86.Build.0 = Debug|Any CPU
		{6AF49FC3-F917-40C7-99E7-9A95884B68E8}.Debug|Any CPU.ActiveCfg = Debug|Any CPU
		{6AF49FC3-F917-40C7-99E7-9A95884B68E8}.Debug|Any CPU.Build.0 = Debug|Any CPU
		{6AF49FC3-F917-40C7-99E7-9A95884B68E8}.Debug|ARM.ActiveCfg = Debug|Any CPU
		{6AF49FC3-F917-40C7-99E7-9A95884B68E8}.Debug|ARM.Build.0 = Debug|Any CPU
		{6AF49FC3-F917-40C7-99E7-9A95884B68E8}.Debug|ARM64.ActiveCfg = Debug|Any CPU
		{6AF49FC3-F917-40C7-99E7-9A95884B68E8}.Debug|ARM64.Build.0 = Debug|Any CPU
		{6AF49FC3-F917-40C7-99E7-9A95884B68E8}.Debug|iPhone.ActiveCfg = Debug|Any CPU
		{6AF49FC3-F917-40C7-99E7-9A95884B68E8}.Debug|iPhone.Build.0 = Debug|Any CPU
		{6AF49FC3-F917-40C7-99E7-9A95884B68E8}.Debug|iPhoneSimulator.ActiveCfg = Debug|Any CPU
		{6AF49FC3-F917-40C7-99E7-9A95884B68E8}.Debug|iPhoneSimulator.Build.0 = Debug|Any CPU
		{6AF49FC3-F917-40C7-99E7-9A95884B68E8}.Debug|x64.ActiveCfg = Debug|Any CPU
		{6AF49FC3-F917-40C7-99E7-9A95884B68E8}.Debug|x64.Build.0 = Debug|Any CPU
		{6AF49FC3-F917-40C7-99E7-9A95884B68E8}.Debug|x86.ActiveCfg = Debug|Any CPU
		{6AF49FC3-F917-40C7-99E7-9A95884B68E8}.Debug|x86.Build.0 = Debug|Any CPU
		{6AF49FC3-F917-40C7-99E7-9A95884B68E8}.Release|Any CPU.ActiveCfg = Release|Any CPU
		{6AF49FC3-F917-40C7-99E7-9A95884B68E8}.Release|Any CPU.Build.0 = Release|Any CPU
		{6AF49FC3-F917-40C7-99E7-9A95884B68E8}.Release|ARM.ActiveCfg = Release|Any CPU
		{6AF49FC3-F917-40C7-99E7-9A95884B68E8}.Release|ARM.Build.0 = Release|Any CPU
		{6AF49FC3-F917-40C7-99E7-9A95884B68E8}.Release|ARM64.ActiveCfg = Release|Any CPU
		{6AF49FC3-F917-40C7-99E7-9A95884B68E8}.Release|ARM64.Build.0 = Release|Any CPU
		{6AF49FC3-F917-40C7-99E7-9A95884B68E8}.Release|iPhone.ActiveCfg = Release|Any CPU
		{6AF49FC3-F917-40C7-99E7-9A95884B68E8}.Release|iPhone.Build.0 = Release|Any CPU
		{6AF49FC3-F917-40C7-99E7-9A95884B68E8}.Release|iPhoneSimulator.ActiveCfg = Release|Any CPU
		{6AF49FC3-F917-40C7-99E7-9A95884B68E8}.Release|iPhoneSimulator.Build.0 = Release|Any CPU
		{6AF49FC3-F917-40C7-99E7-9A95884B68E8}.Release|x64.ActiveCfg = Release|Any CPU
		{6AF49FC3-F917-40C7-99E7-9A95884B68E8}.Release|x64.Build.0 = Release|Any CPU
		{6AF49FC3-F917-40C7-99E7-9A95884B68E8}.Release|x86.ActiveCfg = Release|Any CPU
		{6AF49FC3-F917-40C7-99E7-9A95884B68E8}.Release|x86.Build.0 = Release|Any CPU
		{293A1344-E9BA-49C2-B43D-1DFAC0D7D64E}.Ad-Hoc|Any CPU.ActiveCfg = Debug|Any CPU
		{293A1344-E9BA-49C2-B43D-1DFAC0D7D64E}.Ad-Hoc|Any CPU.Build.0 = Debug|Any CPU
		{293A1344-E9BA-49C2-B43D-1DFAC0D7D64E}.Ad-Hoc|ARM.ActiveCfg = Debug|Any CPU
		{293A1344-E9BA-49C2-B43D-1DFAC0D7D64E}.Ad-Hoc|ARM.Build.0 = Debug|Any CPU
		{293A1344-E9BA-49C2-B43D-1DFAC0D7D64E}.Ad-Hoc|ARM64.ActiveCfg = Debug|Any CPU
		{293A1344-E9BA-49C2-B43D-1DFAC0D7D64E}.Ad-Hoc|ARM64.Build.0 = Debug|Any CPU
		{293A1344-E9BA-49C2-B43D-1DFAC0D7D64E}.Ad-Hoc|iPhone.ActiveCfg = Debug|Any CPU
		{293A1344-E9BA-49C2-B43D-1DFAC0D7D64E}.Ad-Hoc|iPhone.Build.0 = Debug|Any CPU
		{293A1344-E9BA-49C2-B43D-1DFAC0D7D64E}.Ad-Hoc|iPhoneSimulator.ActiveCfg = Debug|Any CPU
		{293A1344-E9BA-49C2-B43D-1DFAC0D7D64E}.Ad-Hoc|iPhoneSimulator.Build.0 = Debug|Any CPU
		{293A1344-E9BA-49C2-B43D-1DFAC0D7D64E}.Ad-Hoc|x64.ActiveCfg = Debug|Any CPU
		{293A1344-E9BA-49C2-B43D-1DFAC0D7D64E}.Ad-Hoc|x64.Build.0 = Debug|Any CPU
		{293A1344-E9BA-49C2-B43D-1DFAC0D7D64E}.Ad-Hoc|x86.ActiveCfg = Debug|Any CPU
		{293A1344-E9BA-49C2-B43D-1DFAC0D7D64E}.Ad-Hoc|x86.Build.0 = Debug|Any CPU
		{293A1344-E9BA-49C2-B43D-1DFAC0D7D64E}.AppStore|Any CPU.ActiveCfg = Debug|Any CPU
		{293A1344-E9BA-49C2-B43D-1DFAC0D7D64E}.AppStore|Any CPU.Build.0 = Debug|Any CPU
		{293A1344-E9BA-49C2-B43D-1DFAC0D7D64E}.AppStore|ARM.ActiveCfg = Debug|Any CPU
		{293A1344-E9BA-49C2-B43D-1DFAC0D7D64E}.AppStore|ARM.Build.0 = Debug|Any CPU
		{293A1344-E9BA-49C2-B43D-1DFAC0D7D64E}.AppStore|ARM64.ActiveCfg = Debug|Any CPU
		{293A1344-E9BA-49C2-B43D-1DFAC0D7D64E}.AppStore|ARM64.Build.0 = Debug|Any CPU
		{293A1344-E9BA-49C2-B43D-1DFAC0D7D64E}.AppStore|iPhone.ActiveCfg = Debug|Any CPU
		{293A1344-E9BA-49C2-B43D-1DFAC0D7D64E}.AppStore|iPhone.Build.0 = Debug|Any CPU
		{293A1344-E9BA-49C2-B43D-1DFAC0D7D64E}.AppStore|iPhoneSimulator.ActiveCfg = Debug|Any CPU
		{293A1344-E9BA-49C2-B43D-1DFAC0D7D64E}.AppStore|iPhoneSimulator.Build.0 = Debug|Any CPU
		{293A1344-E9BA-49C2-B43D-1DFAC0D7D64E}.AppStore|x64.ActiveCfg = Debug|Any CPU
		{293A1344-E9BA-49C2-B43D-1DFAC0D7D64E}.AppStore|x64.Build.0 = Debug|Any CPU
		{293A1344-E9BA-49C2-B43D-1DFAC0D7D64E}.AppStore|x86.ActiveCfg = Debug|Any CPU
		{293A1344-E9BA-49C2-B43D-1DFAC0D7D64E}.AppStore|x86.Build.0 = Debug|Any CPU
		{293A1344-E9BA-49C2-B43D-1DFAC0D7D64E}.Debug|Any CPU.ActiveCfg = Debug|Any CPU
		{293A1344-E9BA-49C2-B43D-1DFAC0D7D64E}.Debug|Any CPU.Build.0 = Debug|Any CPU
		{293A1344-E9BA-49C2-B43D-1DFAC0D7D64E}.Debug|ARM.ActiveCfg = Debug|Any CPU
		{293A1344-E9BA-49C2-B43D-1DFAC0D7D64E}.Debug|ARM.Build.0 = Debug|Any CPU
		{293A1344-E9BA-49C2-B43D-1DFAC0D7D64E}.Debug|ARM64.ActiveCfg = Debug|Any CPU
		{293A1344-E9BA-49C2-B43D-1DFAC0D7D64E}.Debug|ARM64.Build.0 = Debug|Any CPU
		{293A1344-E9BA-49C2-B43D-1DFAC0D7D64E}.Debug|iPhone.ActiveCfg = Debug|Any CPU
		{293A1344-E9BA-49C2-B43D-1DFAC0D7D64E}.Debug|iPhone.Build.0 = Debug|Any CPU
		{293A1344-E9BA-49C2-B43D-1DFAC0D7D64E}.Debug|iPhoneSimulator.ActiveCfg = Debug|Any CPU
		{293A1344-E9BA-49C2-B43D-1DFAC0D7D64E}.Debug|iPhoneSimulator.Build.0 = Debug|Any CPU
		{293A1344-E9BA-49C2-B43D-1DFAC0D7D64E}.Debug|x64.ActiveCfg = Debug|Any CPU
		{293A1344-E9BA-49C2-B43D-1DFAC0D7D64E}.Debug|x64.Build.0 = Debug|Any CPU
		{293A1344-E9BA-49C2-B43D-1DFAC0D7D64E}.Debug|x86.ActiveCfg = Debug|Any CPU
		{293A1344-E9BA-49C2-B43D-1DFAC0D7D64E}.Debug|x86.Build.0 = Debug|Any CPU
		{293A1344-E9BA-49C2-B43D-1DFAC0D7D64E}.Release|Any CPU.ActiveCfg = Release|Any CPU
		{293A1344-E9BA-49C2-B43D-1DFAC0D7D64E}.Release|Any CPU.Build.0 = Release|Any CPU
		{293A1344-E9BA-49C2-B43D-1DFAC0D7D64E}.Release|ARM.ActiveCfg = Release|Any CPU
		{293A1344-E9BA-49C2-B43D-1DFAC0D7D64E}.Release|ARM.Build.0 = Release|Any CPU
		{293A1344-E9BA-49C2-B43D-1DFAC0D7D64E}.Release|ARM64.ActiveCfg = Release|Any CPU
		{293A1344-E9BA-49C2-B43D-1DFAC0D7D64E}.Release|ARM64.Build.0 = Release|Any CPU
		{293A1344-E9BA-49C2-B43D-1DFAC0D7D64E}.Release|iPhone.ActiveCfg = Release|Any CPU
		{293A1344-E9BA-49C2-B43D-1DFAC0D7D64E}.Release|iPhone.Build.0 = Release|Any CPU
		{293A1344-E9BA-49C2-B43D-1DFAC0D7D64E}.Release|iPhoneSimulator.ActiveCfg = Release|Any CPU
		{293A1344-E9BA-49C2-B43D-1DFAC0D7D64E}.Release|iPhoneSimulator.Build.0 = Release|Any CPU
		{293A1344-E9BA-49C2-B43D-1DFAC0D7D64E}.Release|x64.ActiveCfg = Release|Any CPU
		{293A1344-E9BA-49C2-B43D-1DFAC0D7D64E}.Release|x64.Build.0 = Release|Any CPU
		{293A1344-E9BA-49C2-B43D-1DFAC0D7D64E}.Release|x86.ActiveCfg = Release|Any CPU
		{293A1344-E9BA-49C2-B43D-1DFAC0D7D64E}.Release|x86.Build.0 = Release|Any CPU
		{5F34F44A-1848-4EF7-980B-73CED1B2261B}.Ad-Hoc|Any CPU.ActiveCfg = Debug|Any CPU
		{5F34F44A-1848-4EF7-980B-73CED1B2261B}.Ad-Hoc|Any CPU.Build.0 = Debug|Any CPU
		{5F34F44A-1848-4EF7-980B-73CED1B2261B}.Ad-Hoc|ARM.ActiveCfg = Debug|Any CPU
		{5F34F44A-1848-4EF7-980B-73CED1B2261B}.Ad-Hoc|ARM.Build.0 = Debug|Any CPU
		{5F34F44A-1848-4EF7-980B-73CED1B2261B}.Ad-Hoc|ARM64.ActiveCfg = Debug|Any CPU
		{5F34F44A-1848-4EF7-980B-73CED1B2261B}.Ad-Hoc|ARM64.Build.0 = Debug|Any CPU
		{5F34F44A-1848-4EF7-980B-73CED1B2261B}.Ad-Hoc|iPhone.ActiveCfg = Debug|Any CPU
		{5F34F44A-1848-4EF7-980B-73CED1B2261B}.Ad-Hoc|iPhone.Build.0 = Debug|Any CPU
		{5F34F44A-1848-4EF7-980B-73CED1B2261B}.Ad-Hoc|iPhoneSimulator.ActiveCfg = Debug|Any CPU
		{5F34F44A-1848-4EF7-980B-73CED1B2261B}.Ad-Hoc|iPhoneSimulator.Build.0 = Debug|Any CPU
		{5F34F44A-1848-4EF7-980B-73CED1B2261B}.Ad-Hoc|x64.ActiveCfg = Debug|Any CPU
		{5F34F44A-1848-4EF7-980B-73CED1B2261B}.Ad-Hoc|x64.Build.0 = Debug|Any CPU
		{5F34F44A-1848-4EF7-980B-73CED1B2261B}.Ad-Hoc|x86.ActiveCfg = Debug|Any CPU
		{5F34F44A-1848-4EF7-980B-73CED1B2261B}.Ad-Hoc|x86.Build.0 = Debug|Any CPU
		{5F34F44A-1848-4EF7-980B-73CED1B2261B}.AppStore|Any CPU.ActiveCfg = Debug|Any CPU
		{5F34F44A-1848-4EF7-980B-73CED1B2261B}.AppStore|Any CPU.Build.0 = Debug|Any CPU
		{5F34F44A-1848-4EF7-980B-73CED1B2261B}.AppStore|ARM.ActiveCfg = Debug|Any CPU
		{5F34F44A-1848-4EF7-980B-73CED1B2261B}.AppStore|ARM.Build.0 = Debug|Any CPU
		{5F34F44A-1848-4EF7-980B-73CED1B2261B}.AppStore|ARM64.ActiveCfg = Debug|Any CPU
		{5F34F44A-1848-4EF7-980B-73CED1B2261B}.AppStore|ARM64.Build.0 = Debug|Any CPU
		{5F34F44A-1848-4EF7-980B-73CED1B2261B}.AppStore|iPhone.ActiveCfg = Debug|Any CPU
		{5F34F44A-1848-4EF7-980B-73CED1B2261B}.AppStore|iPhone.Build.0 = Debug|Any CPU
		{5F34F44A-1848-4EF7-980B-73CED1B2261B}.AppStore|iPhoneSimulator.ActiveCfg = Debug|Any CPU
		{5F34F44A-1848-4EF7-980B-73CED1B2261B}.AppStore|iPhoneSimulator.Build.0 = Debug|Any CPU
		{5F34F44A-1848-4EF7-980B-73CED1B2261B}.AppStore|x64.ActiveCfg = Debug|Any CPU
		{5F34F44A-1848-4EF7-980B-73CED1B2261B}.AppStore|x64.Build.0 = Debug|Any CPU
		{5F34F44A-1848-4EF7-980B-73CED1B2261B}.AppStore|x86.ActiveCfg = Debug|Any CPU
		{5F34F44A-1848-4EF7-980B-73CED1B2261B}.AppStore|x86.Build.0 = Debug|Any CPU
		{5F34F44A-1848-4EF7-980B-73CED1B2261B}.Debug|Any CPU.ActiveCfg = Debug|Any CPU
		{5F34F44A-1848-4EF7-980B-73CED1B2261B}.Debug|Any CPU.Build.0 = Debug|Any CPU
		{5F34F44A-1848-4EF7-980B-73CED1B2261B}.Debug|ARM.ActiveCfg = Debug|Any CPU
		{5F34F44A-1848-4EF7-980B-73CED1B2261B}.Debug|ARM.Build.0 = Debug|Any CPU
		{5F34F44A-1848-4EF7-980B-73CED1B2261B}.Debug|ARM64.ActiveCfg = Debug|Any CPU
		{5F34F44A-1848-4EF7-980B-73CED1B2261B}.Debug|ARM64.Build.0 = Debug|Any CPU
		{5F34F44A-1848-4EF7-980B-73CED1B2261B}.Debug|iPhone.ActiveCfg = Debug|Any CPU
		{5F34F44A-1848-4EF7-980B-73CED1B2261B}.Debug|iPhone.Build.0 = Debug|Any CPU
		{5F34F44A-1848-4EF7-980B-73CED1B2261B}.Debug|iPhoneSimulator.ActiveCfg = Debug|Any CPU
		{5F34F44A-1848-4EF7-980B-73CED1B2261B}.Debug|iPhoneSimulator.Build.0 = Debug|Any CPU
		{5F34F44A-1848-4EF7-980B-73CED1B2261B}.Debug|x64.ActiveCfg = Debug|Any CPU
		{5F34F44A-1848-4EF7-980B-73CED1B2261B}.Debug|x64.Build.0 = Debug|Any CPU
		{5F34F44A-1848-4EF7-980B-73CED1B2261B}.Debug|x86.ActiveCfg = Debug|Any CPU
		{5F34F44A-1848-4EF7-980B-73CED1B2261B}.Debug|x86.Build.0 = Debug|Any CPU
		{5F34F44A-1848-4EF7-980B-73CED1B2261B}.Release|Any CPU.ActiveCfg = Release|Any CPU
		{5F34F44A-1848-4EF7-980B-73CED1B2261B}.Release|Any CPU.Build.0 = Release|Any CPU
		{5F34F44A-1848-4EF7-980B-73CED1B2261B}.Release|ARM.ActiveCfg = Release|Any CPU
		{5F34F44A-1848-4EF7-980B-73CED1B2261B}.Release|ARM.Build.0 = Release|Any CPU
		{5F34F44A-1848-4EF7-980B-73CED1B2261B}.Release|ARM64.ActiveCfg = Release|Any CPU
		{5F34F44A-1848-4EF7-980B-73CED1B2261B}.Release|ARM64.Build.0 = Release|Any CPU
		{5F34F44A-1848-4EF7-980B-73CED1B2261B}.Release|iPhone.ActiveCfg = Release|Any CPU
		{5F34F44A-1848-4EF7-980B-73CED1B2261B}.Release|iPhone.Build.0 = Release|Any CPU
		{5F34F44A-1848-4EF7-980B-73CED1B2261B}.Release|iPhoneSimulator.ActiveCfg = Release|Any CPU
		{5F34F44A-1848-4EF7-980B-73CED1B2261B}.Release|iPhoneSimulator.Build.0 = Release|Any CPU
		{5F34F44A-1848-4EF7-980B-73CED1B2261B}.Release|x64.ActiveCfg = Release|Any CPU
		{5F34F44A-1848-4EF7-980B-73CED1B2261B}.Release|x64.Build.0 = Release|Any CPU
		{5F34F44A-1848-4EF7-980B-73CED1B2261B}.Release|x86.ActiveCfg = Release|Any CPU
		{5F34F44A-1848-4EF7-980B-73CED1B2261B}.Release|x86.Build.0 = Release|Any CPU
	EndGlobalSection
	GlobalSection(SolutionProperties) = preSolution
		HideSolutionNode = FALSE
	EndGlobalSection
	GlobalSection(NestedProjects) = preSolution
		{7DEB92C9-3E1F-4E78-A916-943BA175242E} = {ED3BEAAF-006C-4B60-98EC-497E054604B7}
		{6C79B68F-CC0F-47D9-B3AA-D00B35C99582} = {ED3BEAAF-006C-4B60-98EC-497E054604B7}
		{E40B1BCC-231C-4284-8C3B-C9931071D0F8} = {ED3BEAAF-006C-4B60-98EC-497E054604B7}
		{5041525C-59DB-4FD8-97DE-6E37C5211B66} = {ED3BEAAF-006C-4B60-98EC-497E054604B7}
		{4527DCB2-D893-4308-AEAD-F002A5F78A3E} = {ED3BEAAF-006C-4B60-98EC-497E054604B7}
		{1A065C6B-DD01-42E4-AAA2-E012DA1F7897} = {ED3BEAAF-006C-4B60-98EC-497E054604B7}
		{EAE4D60C-F82D-4C3C-B1FB-5B22473BB4A2} = {ED3BEAAF-006C-4B60-98EC-497E054604B7}
		{6AF49FC3-F917-40C7-99E7-9A95884B68E8} = {ED3BEAAF-006C-4B60-98EC-497E054604B7}
		{293A1344-E9BA-49C2-B43D-1DFAC0D7D64E} = {ED3BEAAF-006C-4B60-98EC-497E054604B7}
	EndGlobalSection
	GlobalSection(ExtensibilityGlobals) = postSolution
		SolutionGuid = {B1BCD127-D550-47B6-ABE6-6E97B4A61C0E}
	EndGlobalSection
EndGlobal
